
Microsoft Visual Studio Solution File, Format Version 12.00
# Visual Studio Version 17
VisualStudioVersion = 17.12.35527.113 d17.12
MinimumVisualStudioVersion = 10.0.40219.1
Project("{FAE04EC0-301F-11D3-BF4B-00C04F79EFBC}") = "Session 3", "Session 3\Session 3.csproj", "{A012ECA4-4F3F-47B7-ACC7-F90E53AB567C}"
EndProject
Global
	GlobalSection(SolutionConfigurationPlatforms) = preSolution
		Debug|Any CPU = Debug|Any CPU
		Release|Any CPU = Release|Any CPU
	EndGlobalSection
	GlobalSection(ProjectConfigurationPlatforms) = postSolution
		{A012ECA4-4F3F-47B7-ACC7-F90E53AB567C}.Debug|Any CPU.ActiveCfg = Debug|Any CPU
		{A012ECA4-4F3F-47B7-ACC7-F90E53AB567C}.Debug|Any CPU.Build.0 = Debug|Any CPU
		{A012ECA4-4F3F-47B7-ACC7-F90E53AB567C}.Release|Any CPU.ActiveCfg = Release|Any CPU
		{A012ECA4-4F3F-47B7-ACC7-F90E53AB567C}.Release|Any CPU.Build.0 = Release|Any CPU
	EndGlobalSection
	GlobalSection(SolutionProperties) = preSolution
		HideSolutionNode = FALSE
	EndGlobalSection
EndGlobal
